# This file is automatically @generated by Cargo.
# It is not intended for manual editing.
[[package]]
name = "apply-mccmd"
version = "0.1.0"
dependencies = [
 "minecraft-client-rs",
]

[[package]]
name = "minecraft-client-rs"
version = "0.1.0"
source = "registry+https://github.com/rust-lang/crates.io-index"
checksum = "9f2fd9077229b5f03f3ee911866e75126ecf102ee9163993a120dcf5433af2b5"
